
Microsoft Visual Studio Solution File, Format Version 12.00
# Visual Studio 15
VisualStudioVersion = 15.0.26403.7
MinimumVisualStudioVersion = 10.0.40219.1
Project("{FAE04EC0-301F-11D3-BF4B-00C04F79EFBC}") = "Sri.Bolid.Car", "Sri.Bolid.Car\Sri.Bolid.Car.csproj", "{919D484A-79FF-4BAA-8FF7-ECA9AB11FB54}"
EndProject
Project("{FAE04EC0-301F-11D3-BF4B-00C04F79EFBC}") = "Sri.Bolid.Shared", "Sri.Bolid.Shared\Sri.Bolid.Shared.csproj", "{42FD4B0B-E768-44E9-BD12-8399B6F3CCC8}"
EndProject
Global
	GlobalSection(SolutionConfigurationPlatforms) = preSolution
		Debug|Any CPU = Debug|Any CPU
		Release|Any CPU = Release|Any CPU
	EndGlobalSection
	GlobalSection(ProjectConfigurationPlatforms) = postSolution
		{919D484A-79FF-4BAA-8FF7-ECA9AB11FB54}.Debug|Any CPU.ActiveCfg = Debug|Any CPU
		{919D484A-79FF-4BAA-8FF7-ECA9AB11FB54}.Debug|Any CPU.Build.0 = Debug|Any CPU
		{919D484A-79FF-4BAA-8FF7-ECA9AB11FB54}.Release|Any CPU.ActiveCfg = Release|Any CPU
		{919D484A-79FF-4BAA-8FF7-ECA9AB11FB54}.Release|Any CPU.Build.0 = Release|Any CPU
		{42FD4B0B-E768-44E9-BD12-8399B6F3CCC8}.Debug|Any CPU.ActiveCfg = Debug|Any CPU
		{42FD4B0B-E768-44E9-BD12-8399B6F3CCC8}.Debug|Any CPU.Build.0 = Debug|Any CPU
		{42FD4B0B-E768-44E9-BD12-8399B6F3CCC8}.Release|Any CPU.ActiveCfg = Release|Any CPU
		{42FD4B0B-E768-44E9-BD12-8399B6F3CCC8}.Release|Any CPU.Build.0 = Release|Any CPU
	EndGlobalSection
	GlobalSection(SolutionProperties) = preSolution
		HideSolutionNode = FALSE
	EndGlobalSection
EndGlobal
